
Microsoft Visual Studio Solution File, Format Version 12.00
# Visual Studio Version 16
VisualStudioVersion = 16.0.30114.105
MinimumVisualStudioVersion = 10.0.40219.1
Project("{FAE04EC0-301F-11D3-BF4B-00C04F79EFBC}") = "CallAutoCad", "CallAutoCad\CallAutoCad.csproj", "{D57EE31E-0A56-4637-9246-2CC26EFBE5A1}"
EndProject
Global
	GlobalSection(SolutionConfigurationPlatforms) = preSolution
		Debug|Any CPU = Debug|Any CPU
		Release|Any CPU = Release|Any CPU
	EndGlobalSection
	GlobalSection(ProjectConfigurationPlatforms) = postSolution
		{D57EE31E-0A56-4637-9246-2CC26EFBE5A1}.Debug|Any CPU.ActiveCfg = Debug|Any CPU
		{D57EE31E-0A56-4637-9246-2CC26EFBE5A1}.Debug|Any CPU.Build.0 = Debug|Any CPU
		{D57EE31E-0A56-4637-9246-2CC26EFBE5A1}.Release|Any CPU.ActiveCfg = Release|Any CPU
		{D57EE31E-0A56-4637-9246-2CC26EFBE5A1}.Release|Any CPU.Build.0 = Release|Any CPU
	EndGlobalSection
	GlobalSection(SolutionProperties) = preSolution
		HideSolutionNode = FALSE
	EndGlobalSection
	GlobalSection(ExtensibilityGlobals) = postSolution
		SolutionGuid = {55C6A8B2-7438-47D6-B1E2-F9BCF68C4EE3}
	EndGlobalSection
EndGlobal
